
Microsoft Visual Studio Solution File, Format Version 12.00
# Visual Studio Version 17
VisualStudioVersion = 17.3.32825.248
MinimumVisualStudioVersion = 10.0.40219.1
Project("{FAE04EC0-301F-11D3-BF4B-00C04F79EFBC}") = "averages", "averages\averages.csproj", "{4231CA2A-4066-4861-9013-48C7779B501D}"
EndProject
Global
	GlobalSection(SolutionConfigurationPlatforms) = preSolution
		Debug|Any CPU = Debug|Any CPU
		Release|Any CPU = Release|Any CPU
	EndGlobalSection
	GlobalSection(ProjectConfigurationPlatforms) = postSolution
		{4231CA2A-4066-4861-9013-48C7779B501D}.Debug|Any CPU.ActiveCfg = Debug|Any CPU
		{4231CA2A-4066-4861-9013-48C7779B501D}.Debug|Any CPU.Build.0 = Debug|Any CPU
		{4231CA2A-4066-4861-9013-48C7779B501D}.Release|Any CPU.ActiveCfg = Release|Any CPU
		{4231CA2A-4066-4861-9013-48C7779B501D}.Release|Any CPU.Build.0 = Release|Any CPU
	EndGlobalSection
	GlobalSection(SolutionProperties) = preSolution
		HideSolutionNode = FALSE
	EndGlobalSection
	GlobalSection(ExtensibilityGlobals) = postSolution
		SolutionGuid = {CF3A823C-713D-4458-8411-525C9FA28464}
	EndGlobalSection
EndGlobal
